// !$*UTF8*$!
{
	archiveVersion = 1;
	classes = {
	};
	objectVersion = 56;
	objects = {

/* Begin PBXBuildFile section */
		C657CB7629463D8100D5E7E1 /* MoviefyApp.swift in Sources */ = {isa = PBXBuildFile; fileRef = C657CB7529463D8100D5E7E1 /* MoviefyApp.swift */; };
		C657CB7829463D8100D5E7E1 /* ContentView.swift in Sources */ = {isa = PBXBuildFile; fileRef = C657CB7729463D8100D5E7E1 /* ContentView.swift */; };
		C657CB7A29463D8200D5E7E1 /* Assets.xcassets in Resources */ = {isa = PBXBuildFile; fileRef = C657CB7929463D8200D5E7E1 /* Assets.xcassets */; };
		C657CB7D29463D8200D5E7E1 /* Preview Assets.xcassets in Resources */ = {isa = PBXBuildFile; fileRef = C657CB7C29463D8200D5E7E1 /* Preview Assets.xcassets */; };
		C657CB8729463D8200D5E7E1 /* MoviefyTests.swift in Sources */ = {isa = PBXBuildFile; fileRef = C657CB8629463D8200D5E7E1 /* MoviefyTests.swift */; };
		C657CB9129463D8200D5E7E1 /* MoviefyUITests.swift in Sources */ = {isa = PBXBuildFile; fileRef = C657CB9029463D8200D5E7E1 /* MoviefyUITests.swift */; };
		C657CB9329463D8200D5E7E1 /* MoviefyUITestsLaunchTests.swift in Sources */ = {isa = PBXBuildFile; fileRef = C657CB9229463D8200D5E7E1 /* MoviefyUITestsLaunchTests.swift */; };
/* End PBXBuildFile section */

/* Begin PBXContainerItemProxy section */
		C657CB8329463D8200D5E7E1 /* PBXContainerItemProxy */ = {
			isa = PBXContainerItemProxy;
			containerPortal = C657CB6A29463D8100D5E7E1 /* Project object */;
			proxyType = 1;
			remoteGlobalIDString = C657CB7129463D8100D5E7E1;
			remoteInfo = Moviefy;
		};
		C657CB8D29463D8200D5E7E1 /* PBXContainerItemProxy */ = {
			isa = PBXContainerItemProxy;
			containerPortal = C657CB6A29463D8100D5E7E1 /* Project object */;
			proxyType = 1;
			remoteGlobalIDString = C657CB7129463D8100D5E7E1;
			remoteInfo = Moviefy;
		};
/* End PBXContainerItemProxy section */

/* Begin PBXFileReference section */
		C657CB7229463D8100D5E7E1 /* Moviefy.app */ = {isa = PBXFileReference; explicitFileType = wrapper.application; includeInIndex = 0; path = Moviefy.app; sourceTree = BUILT_PRODUCTS_DIR; };
		C657CB7529463D8100D5E7E1 /* MoviefyApp.swift */ = {isa = PBXFileReference; lastKnownFileType = sourcecode.swift; path = MoviefyApp.swift; sourceTree = "<group>"; };
		C657CB7729463D8100D5E7E1 /* ContentView.swift */ = {isa = PBXFileReference; lastKnownFileType = sourcecode.swift; path = ContentView.swift; sourceTree = "<group>"; };
		C657CB7929463D8200D5E7E1 /* Assets.xcassets */ = {isa = PBXFileReference; lastKnownFileType = folder.assetcatalog; path = Assets.xcassets; sourceTree = "<group>"; };
		C657CB7C29463D8200D5E7E1 /* Preview Assets.xcassets */ = {isa = PBXFileReference; lastKnownFileType = folder.assetcatalog; path = "Preview Assets.xcassets"; sourceTree = "<group>"; };
		C657CB8229463D8200D5E7E1 /* MoviefyTests.xctest */ = {isa = PBXFileReference; explicitFileType = wrapper.cfbundle; includeInIndex = 0; path = MoviefyTests.xctest; sourceTree = BUILT_PRODUCTS_DIR; };
		C657CB8629463D8200D5E7E1 /* MoviefyTests.swift */ = {isa = PBXFileReference; lastKnownFileType = sourcecode.swift; path = MoviefyTests.swift; sourceTree = "<group>"; };
		C657CB8C29463D8200D5E7E1 /* MoviefyUITests.xctest */ = {isa = PBXFileReference; explicitFileType = wrapper.cfbundle; includeInIndex = 0; path = MoviefyUITests.xctest; sourceTree = BUILT_PRODUCTS_DIR; };
		C657CB9029463D8200D5E7E1 /* MoviefyUITests.swift */ = {isa = PBXFileReference; lastKnownFileType = sourcecode.swift; path = MoviefyUITests.swift; sourceTree = "<group>"; };
		C657CB9229463D8200D5E7E1 /* MoviefyUITestsLaunchTests.swift */ = {isa = PBXFileReference; lastKnownFileType = sourcecode.swift; path = MoviefyUITestsLaunchTests.swift; sourceTree = "<group>"; };
/* End PBXFileReference section */

/* Begin PBXFrameworksBuildPhase section */
		C657CB6F29463D8100D5E7E1 /* Frameworks */ = {
			isa = PBXFrameworksBuildPhase;
			buildActionMask = 2147483647;
			files = (
			);
			runOnlyForDeploymentPostprocessing = 0;
		};
		C657CB7F29463D8200D5E7E1 /* Frameworks */ = {
			isa = PBXFrameworksBuildPhase;
			buildActionMask = 2147483647;
			files = (
			);
			runOnlyForDeploymentPostprocessing = 0;
		};
		C657CB8929463D8200D5E7E1 /* Frameworks */ = {
			isa = PBXFrameworksBuildPhase;
			buildActionMask = 2147483647;
			files = (
			);
			runOnlyForDeploymentPostprocessing = 0;
		};
/* End PBXFrameworksBuildPhase section */

/* Begin PBXGroup section */
		C657CB6929463D8100D5E7E1 = {
			isa = PBXGroup;
			children = (
				C657CB7429463D8100D5E7E1 /* Moviefy */,
				C657CB8529463D8200D5E7E1 /* MoviefyTests */,
				C657CB8F29463D8200D5E7E1 /* MoviefyUITests */,
				C657CB7329463D8100D5E7E1 /* Products */,
			);
			sourceTree = "<group>";
		};
		C657CB7329463D8100D5E7E1 /* Products */ = {
			isa = PBXGroup;
			children = (
				C657CB7229463D8100D5E7E1 /* Moviefy.app */,
				C657CB8229463D8200D5E7E1 /* MoviefyTests.xctest */,
				C657CB8C29463D8200D5E7E1 /* MoviefyUITests.xctest */,
			);
			name = Products;
			sourceTree = "<group>";
		};
		C657CB7429463D8100D5E7E1 /* Moviefy */ = {
			isa = PBXGroup;
			children = (
				C657CB7529463D8100D5E7E1 /* MoviefyApp.swift */,
				C657CB7729463D8100D5E7E1 /* ContentView.swift */,
				C657CB7929463D8200D5E7E1 /* Assets.xcassets */,
				C657CB7B29463D8200D5E7E1 /* Preview Content */,
			);
			path = Moviefy;
			sourceTree = "<group>";
		};
		C657CB7B29463D8200D5E7E1 /* Preview Content */ = {
			isa = PBXGroup;
			children = (
				C657CB7C29463D8200D5E7E1 /* Preview Assets.xcassets */,
			);
			path = "Preview Content";
			sourceTree = "<group>";
		};
		C657CB8529463D8200D5E7E1 /* MoviefyTests */ = {
			isa = PBXGroup;
			children = (
				C657CB8629463D8200D5E7E1 /* MoviefyTests.swift */,
			);
			path = MoviefyTests;
			sourceTree = "<group>";
		};
		C657CB8F29463D8200D5E7E1 /* MoviefyUITests */ = {
			isa = PBXGroup;
			children = (
				C657CB9029463D8200D5E7E1 /* MoviefyUITests.swift */,
				C657CB9229463D8200D5E7E1 /* MoviefyUITestsLaunchTests.swift */,
			);
			path = MoviefyUITests;
			sourceTree = "<group>";
		};
/* End PBXGroup section */

/* Begin PBXNativeTarget section */
		C657CB7129463D8100D5E7E1 /* Moviefy */ = {
			isa = PBXNativeTarget;
			buildConfigurationList = C657CB9629463D8200D5E7E1 /* Build configuration list for PBXNativeTarget "Moviefy" */;
			buildPhases = (
				C657CB6E29463D8100D5E7E1 /* Sources */,
				C657CB6F29463D8100D5E7E1 /* Frameworks */,
				C657CB7029463D8100D5E7E1 /* Resources */,
			);
			buildRules = (
			);
			dependencies = (
			);
			name = Moviefy;
			productName = Moviefy;
			productReference = C657CB7229463D8100D5E7E1 /* Moviefy.app */;
			productType = "com.apple.product-type.application";
		};
		C657CB8129463D8200D5E7E1 /* MoviefyTests */ = {
			isa = PBXNativeTarget;
			buildConfigurationList = C657CB9929463D8200D5E7E1 /* Build configuration list for PBXNativeTarget "MoviefyTests" */;
			buildPhases = (
				C657CB7E29463D8200D5E7E1 /* Sources */,
				C657CB7F29463D8200D5E7E1 /* Frameworks */,
				C657CB8029463D8200D5E7E1 /* Resources */,
			);
			buildRules = (
			);
			dependencies = (
				C657CB8429463D8200D5E7E1 /* PBXTargetDependency */,
			);
			name = MoviefyTests;
			productName = MoviefyTests;
			productReference = C657CB8229463D8200D5E7E1 /* MoviefyTests.xctest */;
			productType = "com.apple.product-type.bundle.unit-test";
		};
		C657CB8B29463D8200D5E7E1 /* MoviefyUITests */ = {
			isa = PBXNativeTarget;
			buildConfigurationList = C657CB9C29463D8200D5E7E1 /* Build configuration list for PBXNativeTarget "MoviefyUITests" */;
			buildPhases = (
				C657CB8829463D8200D5E7E1 /* Sources */,
				C657CB8929463D8200D5E7E1 /* Frameworks */,
				C657CB8A29463D8200D5E7E1 /* Resources */,
			);
			buildRules = (
			);
			dependencies = (
				C657CB8E29463D8200D5E7E1 /* PBXTargetDependency */,
			);
			name = MoviefyUITests;
			productName = MoviefyUITests;
			productReference = C657CB8C29463D8200D5E7E1 /* MoviefyUITests.xctest */;
			productType = "com.apple.product-type.bundle.ui-testing";
		};
/* End PBXNativeTarget section */

/* Begin PBXProject section */
		C657CB6A29463D8100D5E7E1 /* Project object */ = {
			isa = PBXProject;
			attributes = {
				BuildIndependentTargetsInParallel = 1;
				LastSwiftUpdateCheck = 1410;
				LastUpgradeCheck = 1410;
				TargetAttributes = {
					C657CB7129463D8100D5E7E1 = {
						CreatedOnToolsVersion = 14.1;
					};
					C657CB8129463D8200D5E7E1 = {
						CreatedOnToolsVersion = 14.1;
						TestTargetID = C657CB7129463D8100D5E7E1;
					};
					C657CB8B29463D8200D5E7E1 = {
						CreatedOnToolsVersion = 14.1;
						TestTargetID = C657CB7129463D8100D5E7E1;
					};
				};
			};
			buildConfigurationList = C657CB6D29463D8100D5E7E1 /* Build configuration list for PBXProject "Moviefy" */;
			compatibilityVersion = "Xcode 14.0";
			developmentRegion = en;
			hasScannedForEncodings = 0;
			knownRegions = (
				en,
				Base,
			);
			mainGroup = C657CB6929463D8100D5E7E1;
			productRefGroup = C657CB7329463D8100D5E7E1 /* Products */;
			projectDirPath = "";
			projectRoot = "";
			targets = (
				C657CB7129463D8100D5E7E1 /* Moviefy */,
				C657CB8129463D8200D5E7E1 /* MoviefyTests */,
				C657CB8B29463D8200D5E7E1 /* MoviefyUITests */,
			);
		};
/* End PBXProject section */

/* Begin PBXResourcesBuildPhase section */
		C657CB7029463D8100D5E7E1 /* Resources */ = {
			isa = PBXResourcesBuildPhase;
			buildActionMask = 2147483647;
			files = (
				C657CB7D29463D8200D5E7E1 /* Preview Assets.xcassets in Resources */,
				C657CB7A29463D8200D5E7E1 /* Assets.xcassets in Resources */,
			);
			runOnlyForDeploymentPostprocessing = 0;
		};
		C657CB8029463D8200D5E7E1 /* Resources */ = {
			isa = PBXResourcesBuildPhase;
			buildActionMask = 2147483647;
			files = (
			);
			runOnlyForDeploymentPostprocessing = 0;
		};
		C657CB8A29463D8200D5E7E1 /* Resources */ = {
			isa = PBXResourcesBuildPhase;
			buildActionMask = 2147483647;
			files = (
			);
			runOnlyForDeploymentPostprocessing = 0;
		};
/* End PBXResourcesBuildPhase section */

/* Begin PBXSourcesBuildPhase section */
		C657CB6E29463D8100D5E7E1 /* Sources */ = {
			isa = PBXSourcesBuildPhase;
			buildActionMask = 2147483647;
			files = (
				C657CB7829463D8100D5E7E1 /* ContentView.swift in Sources */,
				C657CB7629463D8100D5E7E1 /* MoviefyApp.swift in Sources */,
			);
			runOnlyForDeploymentPostprocessing = 0;
		};
		C657CB7E29463D8200D5E7E1 /* Sources */ = {
			isa = PBXSourcesBuildPhase;
			buildActionMask = 2147483647;
			files = (
				C657CB8729463D8200D5E7E1 /* MoviefyTests.swift in Sources */,
			);
			runOnlyForDeploymentPostprocessing = 0;
		};
		C657CB8829463D8200D5E7E1 /* Sources */ = {
			isa = PBXSourcesBuildPhase;
			buildActionMask = 2147483647;
			files = (
				C657CB9329463D8200D5E7E1 /* MoviefyUITestsLaunchTests.swift in Sources */,
				C657CB9129463D8200D5E7E1 /* MoviefyUITests.swift in Sources */,
			);
			runOnlyForDeploymentPostprocessing = 0;
		};
/* End PBXSourcesBuildPhase section */

/* Begin PBXTargetDependency section */
		C657CB8429463D8200D5E7E1 /* PBXTargetDependency */ = {
			isa = PBXTargetDependency;
			target = C657CB7129463D8100D5E7E1 /* Moviefy */;
			targetProxy = C657CB8329463D8200D5E7E1 /* PBXContainerItemProxy */;
		};
		C657CB8E29463D8200D5E7E1 /* PBXTargetDependency */ = {
			isa = PBXTargetDependency;
			target = C657CB7129463D8100D5E7E1 /* Moviefy */;
			targetProxy = C657CB8D29463D8200D5E7E1 /* PBXContainerItemProxy */;
		};
/* End PBXTargetDependency section */

/* Begin XCBuildConfiguration section */
		C657CB9429463D8200D5E7E1 /* Debug */ = {
			isa = XCBuildConfiguration;
			buildSettings = {
				ALWAYS_SEARCH_USER_PATHS = NO;
				CLANG_ANALYZER_NONNULL = YES;
				CLANG_ANALYZER_NUMBER_OBJECT_CONVERSION = YES_AGGRESSIVE;
				CLANG_CXX_LANGUAGE_STANDARD = "gnu++20";
				CLANG_ENABLE_MODULES = YES;
				CLANG_ENABLE_OBJC_ARC = YES;
				CLANG_ENABLE_OBJC_WEAK = YES;
				CLANG_WARN_BLOCK_CAPTURE_AUTORELEASING = YES;
				CLANG_WARN_BOOL_CONVERSION = YES;
				CLANG_WARN_COMMA = YES;
				CLANG_WARN_CONSTANT_CONVERSION = YES;
				CLANG_WARN_DEPRECATED_OBJC_IMPLEMENTATIONS = YES;
				CLANG_WARN_DIRECT_OBJC_ISA_USAGE = YES_ERROR;
				CLANG_WARN_DOCUMENTATION_COMMENTS = YES;
				CLANG_WARN_EMPTY_BODY = YES;
				CLANG_WARN_ENUM_CONVERSION = YES;
				CLANG_WARN_INFINITE_RECURSION = YES;
				CLANG_WARN_INT_CONVERSION = YES;
				CLANG_WARN_NON_LITERAL_NULL_CONVERSION = YES;
				CLANG_WARN_OBJC_IMPLICIT_RETAIN_SELF = YES;
				CLANG_WARN_OBJC_LITERAL_CONVERSION = YES;
				CLANG_WARN_OBJC_ROOT_CLASS = YES_ERROR;
				CLANG_WARN_QUOTED_INCLUDE_IN_FRAMEWORK_HEADER = YES;
				CLANG_WARN_RANGE_LOOP_ANALYSIS = YES;
				CLANG_WARN_STRICT_PROTOTYPES = YES;
				CLANG_WARN_SUSPICIOUS_MOVE = YES;
				CLANG_WARN_UNGUARDED_AVAILABILITY = YES_AGGRESSIVE;
				CLANG_WARN_UNREACHABLE_CODE = YES;
				CLANG_WARN__DUPLICATE_METHOD_MATCH = YES;
				COPY_PHASE_STRIP = NO;
				DEBUG_INFORMATION_FORMAT = dwarf;
				ENABLE_STRICT_OBJC_MSGSEND = YES;
				ENABLE_TESTABILITY = YES;
				GCC_C_LANGUAGE_STANDARD = gnu11;
				GCC_DYNAMIC_NO_PIC = NO;
				GCC_NO_COMMON_BLOCKS = YES;
				GCC_OPTIMIZATION_LEVEL = 0;
				GCC_PREPROCESSOR_DEFINITIONS = (
					"DEBUG=1",
					"$(inherited)",
				);
				GCC_WARN_64_TO_32_BIT_CONVERSION = YES;
				GCC_WARN_ABOUT_RETURN_TYPE = YES_ERROR;
				GCC_WARN_UNDECLARED_SELECTOR = YES;
				GCC_WARN_UNINITIALIZED_AUTOS = YES_AGGRESSIVE;
				GCC_WARN_UNUSED_FUNCTION = YES;
				GCC_WARN_UNUSED_VARIABLE = YES;
				IPHONEOS_DEPLOYMENT_TARGET = 16.1;
				MTL_ENABLE_DEBUG_INFO = INCLUDE_SOURCE;
				MTL_FAST_MATH = YES;
				ONLY_ACTIVE_ARCH = YES;
				SDKROOT = iphoneos;
				SWIFT_ACTIVE_COMPILATION_CONDITIONS = DEBUG;
				SWIFT_OPTIMIZATION_LEVEL = "-Onone";
			};
			name = Debug;
		};
		C657CB9529463D8200D5E7E1 /* Release */ = {
			isa = XCBuildConfiguration;
			buildSettings = {
				ALWAYS_SEARCH_USER_PATHS = NO;
				CLANG_ANALYZER_NONNULL = YES;
				CLANG_ANALYZER_NUMBER_OBJECT_CONVERSION = YES_AGGRESSIVE;
				CLANG_CXX_LANGUAGE_STANDARD = "gnu++20";
				CLANG_ENABLE_MODULES = YES;
				CLANG_ENABLE_OBJC_ARC = YES;
				CLANG_ENABLE_OBJC_WEAK = YES;
				CLANG_WARN_BLOCK_CAPTURE_AUTORELEASING = YES;
				CLANG_WARN_BOOL_CONVERSION = YES;
				CLANG_WARN_COMMA = YES;
				CLANG_WARN_CONSTANT_CONVERSION = YES;
				CLANG_WARN_DEPRECATED_OBJC_IMPLEMENTATIONS = YES;
				CLANG_WARN_DIRECT_OBJC_ISA_USAGE = YES_ERROR;
				CLANG_WARN_DOCUMENTATION_COMMENTS = YES;
				CLANG_WARN_EMPTY_BODY = YES;
				CLANG_WARN_ENUM_CONVERSION = YES;
				CLANG_WARN_INFINITE_RECURSION = YES;
				CLANG_WARN_INT_CONVERSION = YES;
				CLANG_WARN_NON_LITERAL_NULL_CONVERSION = YES;
				CLANG_WARN_OBJC_IMPLICIT_RETAIN_SELF = YES;
				CLANG_WARN_OBJC_LITERAL_CONVERSION = YES;
				CLANG_WARN_OBJC_ROOT_CLASS = YES_ERROR;
				CLANG_WARN_QUOTED_INCLUDE_IN_FRAMEWORK_HEADER = YES;
				CLANG_WARN_RANGE_LOOP_ANALYSIS = YES;
				CLANG_WARN_STRICT_PROTOTYPES = YES;
				CLANG_WARN_SUSPICIOUS_MOVE = YES;
				CLANG_WARN_UNGUARDED_AVAILABILITY = YES_AGGRESSIVE;
				CLANG_WARN_UNREACHABLE_CODE = YES;
				CLANG_WARN__DUPLICATE_METHOD_MATCH = YES;
				COPY_PHASE_STRIP = NO;
				DEBUG_INFORMATION_FORMAT = "dwarf-with-dsym";
				ENABLE_NS_ASSERTIONS = NO;
				ENABLE_STRICT_OBJC_MSGSEND = YES;
				GCC_C_LANGUAGE_STANDARD = gnu11;
				GCC_NO_COMMON_BLOCKS = YES;
				GCC_WARN_64_TO_32_BIT_CONVERSION = YES;
				GCC_WARN_ABOUT_RETURN_TYPE = YES_ERROR;
				GCC_WARN_UNDECLARED_SELECTOR = YES;
				GCC_WARN_UNINITIALIZED_AUTOS = YES_AGGRESSIVE;
				GCC_WARN_UNUSED_FUNCTION = YES;
				GCC_WARN_UNUSED_VARIABLE = YES;
				IPHONEOS_DEPLOYMENT_TARGET = 16.1;
				MTL_ENABLE_DEBUG_INFO = NO;
				MTL_FAST_MATH = YES;
				SDKROOT = iphoneos;
				SWIFT_COMPILATION_MODE = wholemodule;
				SWIFT_OPTIMIZATION_LEVEL = "-O";
				VALIDATE_PRODUCT = YES;
			};
			name = Release;
		};
		C657CB9729463D8200D5E7E1 /* Debug */ = {
			isa = XCBuildConfiguration;
			buildSettings = {
				ASSETCATALOG_COMPILER_APPICON_NAME = AppIcon;
				ASSETCATALOG_COMPILER_GLOBAL_ACCENT_COLOR_NAME = AccentColor;
				CODE_SIGN_STYLE = Automatic;
				CURRENT_PROJECT_VERSION = 1;
				DEVELOPMENT_ASSET_PATHS = "\"Moviefy/Preview Content\"";
				ENABLE_PREVIEWS = YES;
				GENERATE_INFOPLIST_FILE = YES;
				INFOPLIST_KEY_UIApplicationSceneManifest_Generation = YES;
				INFOPLIST_KEY_UIApplicationSupportsIndirectInputEvents = YES;
				INFOPLIST_KEY_UILaunchScreen_Generation = YES;
				INFOPLIST_KEY_UISupportedInterfaceOrientations_iPad = "UIInterfaceOrientationPortrait UIInterfaceOrientationPortraitUpsideDown UIInterfaceOrientationLandscapeLeft UIInterfaceOrientationLandscapeRight";
				INFOPLIST_KEY_UISupportedInterfaceOrientations_iPhone = "UIInterfaceOrientationPortrait UIInterfaceOrientationLandscapeLeft UIInterfaceOrientationLandscapeRight";
				LD_RUNPATH_SEARCH_PATHS = (
					"$(inherited)",
					"@executable_path/Frameworks",
				);
				MARKETING_VERSION = 1.0;
				PRODUCT_BUNDLE_IDENTIFIER = dev.subfly.Moviefy;
				PRODUCT_NAME = "$(TARGET_NAME)";
				SWIFT_EMIT_LOC_STRINGS = YES;
				SWIFT_VERSION = 5.0;
				TARGETED_DEVICE_FAMILY = "1,2";
			};
			name = Debug;
		};
		C657CB9829463D8200D5E7E1 /* Release */ = {
			isa = XCBuildConfiguration;
			buildSettings = {
				ASSETCATALOG_COMPILER_APPICON_NAME = AppIcon;
				ASSETCATALOG_COMPILER_GLOBAL_ACCENT_COLOR_NAME = AccentColor;
				CODE_SIGN_STYLE = Automatic;
				CURRENT_PROJECT_VERSION = 1;
				DEVELOPMENT_ASSET_PATHS = "\"Moviefy/Preview Content\"";
				ENABLE_PREVIEWS = YES;
				GENERATE_INFOPLIST_FILE = YES;
				INFOPLIST_KEY_UIApplicationSceneManifest_Generation = YES;
				INFOPLIST_KEY_UIApplicationSupportsIndirectInputEvents = YES;
				INFOPLIST_KEY_UILaunchScreen_Generation = YES;
				INFOPLIST_KEY_UISupportedInterfaceOrientations_iPad = "UIInterfaceOrientationPortrait UIInterfaceOrientationPortraitUpsideDown UIInterfaceOrientationLandscapeLeft UIInterfaceOrientationLandscapeRight";
				INFOPLIST_KEY_UISupportedInterfaceOrientations_iPhone = "UIInterfaceOrientationPortrait UIInterfaceOrientationLandscapeLeft UIInterfaceOrientationLandscapeRight";
				LD_RUNPATH_SEARCH_PATHS = (
					"$(inherited)",
					"@executable_path/Frameworks",
				);
				MARKETING_VERSION = 1.0;
				PRODUCT_BUNDLE_IDENTIFIER = dev.subfly.Moviefy;
				PRODUCT_NAME = "$(TARGET_NAME)";
				SWIFT_EMIT_LOC_STRINGS = YES;
				SWIFT_VERSION = 5.0;
				TARGETED_DEVICE_FAMILY = "1,2";
			};
			name = Release;
		};
		C657CB9A29463D8200D5E7E1 /* Debug */ = {
			isa = XCBuildConfiguration;
			buildSettings = {
				ALWAYS_EMBED_SWIFT_STANDARD_LIBRARIES = YES;
				BUNDLE_LOADER = "$(TEST_HOST)";
				CODE_SIGN_STYLE = Automatic;
				CURRENT_PROJECT_VERSION = 1;
				GENERATE_INFOPLIST_FILE = YES;
				IPHONEOS_DEPLOYMENT_TARGET = 16.1;
				MARKETING_VERSION = 1.0;
				PRODUCT_BUNDLE_IDENTIFIER = dev.subfly.MoviefyTests;
				PRODUCT_NAME = "$(TARGET_NAME)";
				SWIFT_EMIT_LOC_STRINGS = NO;
				SWIFT_VERSION = 5.0;
				TARGETED_DEVICE_FAMILY = "1,2";
				TEST_HOST = "$(BUILT_PRODUCTS_DIR)/Moviefy.app/$(BUNDLE_EXECUTABLE_FOLDER_PATH)/Moviefy";
			};
			name = Debug;
		};
		C657CB9B29463D8200D5E7E1 /* Release */ = {
			isa = XCBuildConfiguration;
			buildSettings = {
				ALWAYS_EMBED_SWIFT_STANDARD_LIBRARIES = YES;
				BUNDLE_LOADER = "$(TEST_HOST)";
				CODE_SIGN_STYLE = Automatic;
				CURRENT_PROJECT_VERSION = 1;
				GENERATE_INFOPLIST_FILE = YES;
				IPHONEOS_DEPLOYMENT_TARGET = 16.1;
				MARKETING_VERSION = 1.0;
				PRODUCT_BUNDLE_IDENTIFIER = dev.subfly.MoviefyTests;
				PRODUCT_NAME = "$(TARGET_NAME)";
				SWIFT_EMIT_LOC_STRINGS = NO;
				SWIFT_VERSION = 5.0;
				TARGETED_DEVICE_FAMILY = "1,2";
				TEST_HOST = "$(BUILT_PRODUCTS_DIR)/Moviefy.app/$(BUNDLE_EXECUTABLE_FOLDER_PATH)/Moviefy";
			};
			name = Release;
		};
		C657CB9D29463D8200D5E7E1 /* Debug */ = {
			isa = XCBuildConfiguration;
			buildSettings = {
				ALWAYS_EMBED_SWIFT_STANDARD_LIBRARIES = YES;
				CODE_SIGN_STYLE = Automatic;
				CURRENT_PROJECT_VERSION = 1;
				GENERATE_INFOPLIST_FILE = YES;
				MARKETING_VERSION = 1.0;
				PRODUCT_BUNDLE_IDENTIFIER = dev.subfly.MoviefyUITests;
				PRODUCT_NAME = "$(TARGET_NAME)";
				SWIFT_EMIT_LOC_STRINGS = NO;
				SWIFT_VERSION = 5.0;
				TARGETED_DEVICE_FAMILY = "1,2";
				TEST_TARGET_NAME = Moviefy;
			};
			name = Debug;
		};
		C657CB9E29463D8200D5E7E1 /* Release */ = {
			isa = XCBuildConfiguration;
			buildSettings = {
				ALWAYS_EMBED_SWIFT_STANDARD_LIBRARIES = YES;
				CODE_SIGN_STYLE = Automatic;
				CURRENT_PROJECT_VERSION = 1;
				GENERATE_INFOPLIST_FILE = YES;
				MARKETING_VERSION = 1.0;
				PRODUCT_BUNDLE_IDENTIFIER = dev.subfly.MoviefyUITests;
				PRODUCT_NAME = "$(TARGET_NAME)";
				SWIFT_EMIT_LOC_STRINGS = NO;
				SWIFT_VERSION = 5.0;
				TARGETED_DEVICE_FAMILY = "1,2";
				TEST_TARGET_NAME = Moviefy;
			};
			name = Release;
		};
/* End XCBuildConfiguration section */

/* Begin XCConfigurationList section */
		C657CB6D29463D8100D5E7E1 /* Build configuration list for PBXProject "Moviefy" */ = {
			isa = XCConfigurationList;
			buildConfigurations = (
				C657CB9429463D8200D5E7E1 /* Debug */,
				C657CB9529463D8200D5E7E1 /* Release */,
			);
			defaultConfigurationIsVisible = 0;
			defaultConfigurationName = Release;
		};
		C657CB9629463D8200D5E7E1 /* Build configuration list for PBXNativeTarget "Moviefy" */ = {
			isa = XCConfigurationList;
			buildConfigurations = (
				C657CB9729463D8200D5E7E1 /* Debug */,
				C657CB9829463D8200D5E7E1 /* Release */,
			);
			defaultConfigurationIsVisible = 0;
			defaultConfigurationName = Release;
		};
		C657CB9929463D8200D5E7E1 /* Build configuration list for PBXNativeTarget "MoviefyTests" */ = {
			isa = XCConfigurationList;
			buildConfigurations = (
				C657CB9A29463D8200D5E7E1 /* Debug */,
				C657CB9B29463D8200D5E7E1 /* Release */,
			);
			defaultConfigurationIsVisible = 0;
			defaultConfigurationName = Release;
		};
		C657CB9C29463D8200D5E7E1 /* Build configuration list for PBXNativeTarget "MoviefyUITests" */ = {
			isa = XCConfigurationList;
			buildConfigurations = (
				C657CB9D29463D8200D5E7E1 /* Debug */,
				C657CB9E29463D8200D5E7E1 /* Release */,
			);
			defaultConfigurationIsVisible = 0;
			defaultConfigurationName = Release;
		};
/* End XCConfigurationList section */
	};
	rootObject = C657CB6A29463D8100D5E7E1 /* Project object */;
}
